
Microsoft Visual Studio Solution File, Format Version 12.00
# Visual Studio Version 17
VisualStudioVersion = 17.14.36623.8 d17.14
MinimumVisualStudioVersion = 10.0.40219.1
Project("{FAE04EC0-301F-11D3-BF4B-00C04F79EFBC}") = "ProjetoExemploTop", "ProjetoExemploTop\ProjetoExemploTop.csproj", "{19631C23-6C91-4C1B-9BA3-4E859ECF43F7}"
EndProject
Global
	GlobalSection(SolutionConfigurationPlatforms) = preSolution
		Debug|Any CPU = Debug|Any CPU
		Release|Any CPU = Release|Any CPU
	EndGlobalSection
	GlobalSection(ProjectConfigurationPlatforms) = postSolution
		{19631C23-6C91-4C1B-9BA3-4E859ECF43F7}.Debug|Any CPU.ActiveCfg = Debug|Any CPU
		{19631C23-6C91-4C1B-9BA3-4E859ECF43F7}.Debug|Any CPU.Build.0 = Debug|Any CPU
		{19631C23-6C91-4C1B-9BA3-4E859ECF43F7}.Release|Any CPU.ActiveCfg = Release|Any CPU
		{19631C23-6C91-4C1B-9BA3-4E859ECF43F7}.Release|Any CPU.Build.0 = Release|Any CPU
	EndGlobalSection
	GlobalSection(SolutionProperties) = preSolution
		HideSolutionNode = FALSE
	EndGlobalSection
	GlobalSection(ExtensibilityGlobals) = postSolution
		SolutionGuid = {A1B6E42F-5FAE-443A-AE45-55EF918E6ECE}
	EndGlobalSection
EndGlobal
